{
  "name": "pi-extensions",
  "lockfileVersion": 3,
  "requires": true,
  "packages": {
    "": {
      "name": "pi-extensions",
      "dependencies": {
        "@howaboua/pi-skill-foundations": "^0.0.1",
        "@howaboua/pi-skill-harness-and-agent-engineering": "^0.0.1",
        "@ogulcancelik/pi-codex-compaction": "^0.1.4",
        "@ogulcancelik/pi-codex-subagents": "^0.3.4",
        "@ogulcancelik/pi-minimal-footer": "^0.1.11",
        "@ogulcancelik/pi-session-recall": "^1.0.7"
      }
    },
    "node_modules/@howaboua/pi-skill-foundations": {
      "version": "0.0.1",
      "resolved": "https://registry.npmjs.org/@howaboua/pi-skill-foundations/-/pi-skill-foundations-0.0.1.tgz",
      "integrity": "sha512-DhcKSE4JwmaUhcLLQ01JMyyv35VhBs5gej6Kj0qnFfQ7LH0ijOboIRAKHc09PUFT9UeBZTmzc9lPJ/Ya6nn1VQ==",
      "license": "MIT"
    },
    "node_modules/@howaboua/pi-skill-harness-and-agent-engineering": {
      "version": "0.0.1",
      "resolved": "https://registry.npmjs.org/@howaboua/pi-skill-harness-and-agent-engineering/-/pi-skill-harness-and-agent-engineering-0.0.1.tgz",
      "integrity": "sha512-kVQnre3vMdpoSFU/Wq9uLT27DxSLdLTs+NwNONDQ8sKhzRSJl6i7lFinAWwTEpGhj5Eoqcw3YhOA5RmFCGPchg==",
      "license": "MIT"
    },
    "node_modules/@ogulcancelik/pi-codex-compaction": {
      "version": "0.1.4",
      "resolved": "https://registry.npmjs.org/@ogulcancelik/pi-codex-compaction/-/pi-codex-compaction-0.1.4.tgz",
      "integrity": "sha512-5yR+DQIAhh5UO+eC67XtS1znncAi+0fz5lc+8VmdewVRf+smg5aXNJbIpgdIrALfHhsUA5psJa9BlMW0/NhW/g==",
      "license": "MIT",
      "engines": {
        "node": ">=22.19.0"
      },
      "peerDependencies": {
        "@earendil-works/pi-ai": ">=0.80.10",
        "@earendil-works/pi-coding-agent": ">=0.80.10",
        "@earendil-works/pi-tui": ">=0.80.10"
      }
    },
    "node_modules/@ogulcancelik/pi-codex-subagents": {
      "version": "0.3.4",
      "resolved": "https://registry.npmjs.org/@ogulcancelik/pi-codex-subagents/-/pi-codex-subagents-0.3.4.tgz",
      "integrity": "sha512-/PgnDLLeo9a/7eAsYLAD3sAHmCyYLPCg4w0v3hlLShBa/DLuj+ePxWXacIvN3VnQ82zl0Debb4vIWnftCJ0tUA==",
      "license": "MIT",
      "engines": {
        "node": ">=22.19.0"
      },
      "peerDependencies": {
        "@earendil-works/pi-ai": "*",
        "@earendil-works/pi-coding-agent": ">=0.80.4",
        "@earendil-works/pi-tui": "*",
        "typebox": "*"
      }
    },
    "node_modules/@ogulcancelik/pi-minimal-footer": {
      "version": "0.1.11",
      "resolved": "https://registry.npmjs.org/@ogulcancelik/pi-minimal-footer/-/pi-minimal-footer-0.1.11.tgz",
      "integrity": "sha512-katY5r5Oy4GaCRDLqpRkZ7w1h/CxC4QClf6PPf6kq6UB7aXAxNIobNnAw29zx+2LyOYy2Vzp4GC1VbZ0QgLjIw==",
      "license": "MIT",
      "engines": {
        "node": ">=18.0.0"
      }
    },
    "node_modules/@ogulcancelik/pi-session-recall": {
      "version": "1.0.7",
      "resolved": "https://registry.npmjs.org/@ogulcancelik/pi-session-recall/-/pi-session-recall-1.0.7.tgz",
      "integrity": "sha512-XheKBODE4jz+ZwZV8j+ZcJT/zlH6mQuHXwtNDnXR/1odIl5IujrsPLOW9Y+e14AUHu3734GONxs4UCu0ctWm4w==",
      "license": "MIT",
      "engines": {
        "node": ">=18.0.0"
      }
    }
  }
}
