{
  "name": "pi-extensions",
  "lockfileVersion": 3,
  "requires": true,
  "packages": {
    "": {
      "name": "pi-extensions",
      "dependencies": {
        "@ogulcancelik/pi-codex-compaction": "^0.1.4",
        "@ogulcancelik/pi-codex-subagents": "^0.3.4",
        "@ogulcancelik/pi-minimal-footer": "^0.1.11",
        "@ogulcancelik/pi-session-recall": "^1.0.6"
      }
    },
    "node_modules/@ogulcancelik/pi-codex-compaction": {
      "version": "0.1.4",
      "resolved": "https://registry.npmjs.org/@ogulcancelik/pi-codex-compaction/-/pi-codex-compaction-0.1.4.tgz",
      "integrity": "sha512-5yR+DQIAhh5UO+eC67XtS1znncAi+0fz5lc+8VmdewVRf+smg5aXNJbIpgdIrALfHhsUA5psJa9BlMW0/NhW/g==",
      "license": "MIT",
      "engines": {
        "node": ">=22.19.0"
      },
      "peerDependencies": {
        "@earendil-works/pi-ai": ">=0.80.10",
        "@earendil-works/pi-coding-agent": ">=0.80.10",
        "@earendil-works/pi-tui": ">=0.80.10"
      }
    },
    "node_modules/@ogulcancelik/pi-codex-subagents": {
      "version": "0.3.4",
      "resolved": "https://registry.npmjs.org/@ogulcancelik/pi-codex-subagents/-/pi-codex-subagents-0.3.4.tgz",
      "integrity": "sha512-/PgnDLLeo9a/7eAsYLAD3sAHmCyYLPCg4w0v3hlLShBa/DLuj+ePxWXacIvN3VnQ82zl0Debb4vIWnftCJ0tUA==",
      "license": "MIT",
      "engines": {
        "node": ">=22.19.0"
      },
      "peerDependencies": {
        "@earendil-works/pi-ai": "*",
        "@earendil-works/pi-coding-agent": ">=0.80.4",
        "@earendil-works/pi-tui": "*",
        "typebox": "*"
      }
    },
    "node_modules/@ogulcancelik/pi-minimal-footer": {
      "version": "0.1.11",
      "resolved": "https://registry.npmjs.org/@ogulcancelik/pi-minimal-footer/-/pi-minimal-footer-0.1.11.tgz",
      "integrity": "sha512-katY5r5Oy4GaCRDLqpRkZ7w1h/CxC4QClf6PPf6kq6UB7aXAxNIobNnAw29zx+2LyOYy2Vzp4GC1VbZ0QgLjIw==",
      "license": "MIT",
      "engines": {
        "node": ">=18.0.0"
      }
    },
    "node_modules/@ogulcancelik/pi-session-recall": {
      "version": "1.0.6",
      "resolved": "https://registry.npmjs.org/@ogulcancelik/pi-session-recall/-/pi-session-recall-1.0.6.tgz",
      "integrity": "sha512-8wugNpYELGtMjrO2IUYibgpNPLuALYo6rvIwsXcOjsfsbmyu91T4N3bF6EpdznrzoEGVvgU75C/js7BFZ3QvVg==",
      "license": "MIT",
      "engines": {
        "node": ">=18.0.0"
      }
    }
  }
}
