{
  "name": "pi-extensions",
  "lockfileVersion": 3,
  "requires": true,
  "packages": {
    "": {
      "name": "pi-extensions",
      "dependencies": {
        "@ogulcancelik/pi-codex-compaction": "^0.1.6",
        "@ogulcancelik/pi-minimal-footer": "^0.1.14",
        "@ogulcancelik/pi-session-recall": "^1.0.7"
      }
    },
    "node_modules/@ogulcancelik/pi-codex-compaction": {
      "version": "0.1.6",
      "resolved": "https://registry.npmjs.org/@ogulcancelik/pi-codex-compaction/-/pi-codex-compaction-0.1.6.tgz",
      "integrity": "sha512-8BQh34CvwfmFT021MWfQ+JaMQG+3NMgGNzVCKGKnEk50N13X3HdzM2W6W1DwL1UI38YMTO8CDWIP9kYHja7/mA==",
      "license": "MIT",
      "engines": {
        "node": ">=22.19.0"
      },
      "peerDependencies": {
        "@earendil-works/pi-ai": "*",
        "@earendil-works/pi-coding-agent": "*",
        "@earendil-works/pi-tui": "*"
      }
    },
    "node_modules/@ogulcancelik/pi-minimal-footer": {
      "version": "0.1.14",
      "resolved": "https://registry.npmjs.org/@ogulcancelik/pi-minimal-footer/-/pi-minimal-footer-0.1.14.tgz",
      "integrity": "sha512-Dafd1uj4IwK1tzfRrt/KO2kBbk2Z4KpDuvcvjxmcbvIF8/hiiGFb7HnVKB3UMTEq36gq4S2KcSk7AxX+O0VEjA==",
      "license": "MIT",
      "engines": {
        "node": ">=18.0.0"
      }
    },
    "node_modules/@ogulcancelik/pi-session-recall": {
      "version": "1.0.7",
      "resolved": "https://registry.npmjs.org/@ogulcancelik/pi-session-recall/-/pi-session-recall-1.0.7.tgz",
      "integrity": "sha512-XheKBODE4jz+ZwZV8j+ZcJT/zlH6mQuHXwtNDnXR/1odIl5IujrsPLOW9Y+e14AUHu3734GONxs4UCu0ctWm4w==",
      "license": "MIT",
      "engines": {
        "node": ">=18.0.0"
      }
    }
  }
}
